
Microsoft Visual Studio Solution File, Format Version 12.00
# Visual Studio 15
VisualStudioVersion = 15.0.27428.2015
MinimumVisualStudioVersion = 10.0.40219.1
Project("{F2A71F9B-5D33-465A-A702-920D77279786}") = "PlayingFs.Demo", "PlayingFs.Demo\PlayingFs.Demo.fsproj", "{C0DB483C-5CC4-4821-A911-3A885501F15B}"
EndProject
Project("{F2A71F9B-5D33-465A-A702-920D77279786}") = "PlayingFs", "PlayingFs\PlayingFs.fsproj", "{69E544B5-0BF1-42BF-B590-B5E30461E974}"
EndProject
Global
	GlobalSection(SolutionConfigurationPlatforms) = preSolution
		Debug|Any CPU = Debug|Any CPU
		Release|Any CPU = Release|Any CPU
	EndGlobalSection
	GlobalSection(ProjectConfigurationPlatforms) = postSolution
		{C0DB483C-5CC4-4821-A911-3A885501F15B}.Debug|Any CPU.ActiveCfg = Debug|Any CPU
		{C0DB483C-5CC4-4821-A911-3A885501F15B}.Debug|Any CPU.Build.0 = Debug|Any CPU
		{C0DB483C-5CC4-4821-A911-3A885501F15B}.Release|Any CPU.ActiveCfg = Release|Any CPU
		{C0DB483C-5CC4-4821-A911-3A885501F15B}.Release|Any CPU.Build.0 = Release|Any CPU
		{69E544B5-0BF1-42BF-B590-B5E30461E974}.Debug|Any CPU.ActiveCfg = Debug|Any CPU
		{69E544B5-0BF1-42BF-B590-B5E30461E974}.Debug|Any CPU.Build.0 = Debug|Any CPU
		{69E544B5-0BF1-42BF-B590-B5E30461E974}.Release|Any CPU.ActiveCfg = Release|Any CPU
		{69E544B5-0BF1-42BF-B590-B5E30461E974}.Release|Any CPU.Build.0 = Release|Any CPU
	EndGlobalSection
	GlobalSection(SolutionProperties) = preSolution
		HideSolutionNode = FALSE
	EndGlobalSection
	GlobalSection(ExtensibilityGlobals) = postSolution
		SolutionGuid = {296B296B-597D-4F74-B2BE-94D043AA3B79}
	EndGlobalSection
EndGlobal
